# This file is automatically @generated by Cargo.
# It is not intended for manual editing.
[[package]]
name = "compre"
version = "0.1.0"
dependencies = [
 "proc_monadde_macro",
]

[[package]]
name = "proc_monadde_macro"
version = "0.1.3"
source = "git+https://github.com/madwareru/proc_monadde_macro#57e9a312641559a2450909aa83fc96c4a2334d0c"
