# This file is automatically @generated by Cargo.
# It is not intended for manual editing.
[[package]]
name = "compre"
version = "0.1.1"
dependencies = [
 "proc_monadde_macro",
]

[[package]]
name = "proc_monadde_macro"
version = "0.1.4"
source = "git+https://github.com/madwareru/proc_monadde_macro#58ca8ac33d6bcfca06b93b976f3664f6ca66509a"
